
Microsoft Visual Studio Solution File, Format Version 12.00
# Visual Studio Version 16
VisualStudioVersion = 16.0.29102.190
MinimumVisualStudioVersion = 10.0.40219.1
Project("{9A19103F-16F7-4668-BE54-9A1E7A4F7556}") = "DataLayer", "..\DataLayer\DataLayer.csproj", "{4D83053E-5879-4A8C-8400-40EF25F2CBA4}"
EndProject
Project("{9A19103F-16F7-4668-BE54-9A1E7A4F7556}") = "BuissnesLayer", "..\BuissnesLayer\BuissnesLayer.csproj", "{2283EBA2-EFD3-434A-838E-D409FCBCD641}"
EndProject
Project("{9A19103F-16F7-4668-BE54-9A1E7A4F7556}") = "WebApi", "WebApi.csproj", "{C9F8AA07-FCFF-4EC3-970D-72421DE80D21}"
EndProject
Global
	GlobalSection(SolutionConfigurationPlatforms) = preSolution
		Debug|Any CPU = Debug|Any CPU
		Release|Any CPU = Release|Any CPU
	EndGlobalSection
	GlobalSection(ProjectConfigurationPlatforms) = postSolution
		{4D83053E-5879-4A8C-8400-40EF25F2CBA4}.Debug|Any CPU.ActiveCfg = Debug|Any CPU
		{4D83053E-5879-4A8C-8400-40EF25F2CBA4}.Debug|Any CPU.Build.0 = Debug|Any CPU
		{4D83053E-5879-4A8C-8400-40EF25F2CBA4}.Release|Any CPU.ActiveCfg = Release|Any CPU
		{4D83053E-5879-4A8C-8400-40EF25F2CBA4}.Release|Any CPU.Build.0 = Release|Any CPU
		{2283EBA2-EFD3-434A-838E-D409FCBCD641}.Debug|Any CPU.ActiveCfg = Debug|Any CPU
		{2283EBA2-EFD3-434A-838E-D409FCBCD641}.Debug|Any CPU.Build.0 = Debug|Any CPU
		{2283EBA2-EFD3-434A-838E-D409FCBCD641}.Release|Any CPU.ActiveCfg = Release|Any CPU
		{2283EBA2-EFD3-434A-838E-D409FCBCD641}.Release|Any CPU.Build.0 = Release|Any CPU
		{C9F8AA07-FCFF-4EC3-970D-72421DE80D21}.Debug|Any CPU.ActiveCfg = Debug|Any CPU
		{C9F8AA07-FCFF-4EC3-970D-72421DE80D21}.Debug|Any CPU.Build.0 = Debug|Any CPU
		{C9F8AA07-FCFF-4EC3-970D-72421DE80D21}.Release|Any CPU.ActiveCfg = Release|Any CPU
		{C9F8AA07-FCFF-4EC3-970D-72421DE80D21}.Release|Any CPU.Build.0 = Release|Any CPU
	EndGlobalSection
	GlobalSection(SolutionProperties) = preSolution
		HideSolutionNode = FALSE
	EndGlobalSection
	GlobalSection(ExtensibilityGlobals) = postSolution
		SolutionGuid = {5DB9627B-55A4-43EA-9185-5215DD85FA4A}
	EndGlobalSection
EndGlobal
